
Microsoft Visual Studio Solution File, Format Version 12.00
# Visual Studio Version 17
VisualStudioVersion = 17.8.34525.116
MinimumVisualStudioVersion = 10.0.40219.1
Project("{FAE04EC0-301F-11D3-BF4B-00C04F79EFBC}") = "Appliances", "Appliances\Appliances.csproj", "{E90C1A63-1A6E-4F3F-A9F3-FAAC2EA40B25}"
EndProject
Project("{FAE04EC0-301F-11D3-BF4B-00C04F79EFBC}") = "Fuctions", "..\Fuctions\Fuctions.csproj", "{E32E6F45-B39D-4B37-B9DC-6918179D1658}"
EndProject
Project("{FAE04EC0-301F-11D3-BF4B-00C04F79EFBC}") = "Bibliotecary", "Bibliotecary\Bibliotecary.csproj", "{22ED03E4-0594-4CFF-98BD-E6BAFF986D57}"
EndProject
Project("{FAE04EC0-301F-11D3-BF4B-00C04F79EFBC}") = "UnitTestProject1", "UnitTestProject1\UnitTestProject1.csproj", "{494376D0-2F00-4918-8D8C-5504F380C08B}"
EndProject
Project("{FAE04EC0-301F-11D3-BF4B-00C04F79EFBC}") = "UnitTestProject2", "UnitTestProject2\UnitTestProject2.csproj", "{0293094C-F823-4AEA-805B-8DA724DC0D13}"
EndProject
Global
	GlobalSection(SolutionConfigurationPlatforms) = preSolution
		Debug|Any CPU = Debug|Any CPU
		Release|Any CPU = Release|Any CPU
	EndGlobalSection
	GlobalSection(ProjectConfigurationPlatforms) = postSolution
		{E90C1A63-1A6E-4F3F-A9F3-FAAC2EA40B25}.Debug|Any CPU.ActiveCfg = Debug|Any CPU
		{E90C1A63-1A6E-4F3F-A9F3-FAAC2EA40B25}.Debug|Any CPU.Build.0 = Debug|Any CPU
		{E90C1A63-1A6E-4F3F-A9F3-FAAC2EA40B25}.Release|Any CPU.ActiveCfg = Release|Any CPU
		{E90C1A63-1A6E-4F3F-A9F3-FAAC2EA40B25}.Release|Any CPU.Build.0 = Release|Any CPU
		{E32E6F45-B39D-4B37-B9DC-6918179D1658}.Debug|Any CPU.ActiveCfg = Debug|Any CPU
		{E32E6F45-B39D-4B37-B9DC-6918179D1658}.Debug|Any CPU.Build.0 = Debug|Any CPU
		{E32E6F45-B39D-4B37-B9DC-6918179D1658}.Release|Any CPU.ActiveCfg = Release|Any CPU
		{E32E6F45-B39D-4B37-B9DC-6918179D1658}.Release|Any CPU.Build.0 = Release|Any CPU
		{22ED03E4-0594-4CFF-98BD-E6BAFF986D57}.Debug|Any CPU.ActiveCfg = Debug|Any CPU
		{22ED03E4-0594-4CFF-98BD-E6BAFF986D57}.Debug|Any CPU.Build.0 = Debug|Any CPU
		{22ED03E4-0594-4CFF-98BD-E6BAFF986D57}.Release|Any CPU.ActiveCfg = Release|Any CPU
		{22ED03E4-0594-4CFF-98BD-E6BAFF986D57}.Release|Any CPU.Build.0 = Release|Any CPU
		{494376D0-2F00-4918-8D8C-5504F380C08B}.Debug|Any CPU.ActiveCfg = Debug|Any CPU
		{494376D0-2F00-4918-8D8C-5504F380C08B}.Debug|Any CPU.Build.0 = Debug|Any CPU
		{494376D0-2F00-4918-8D8C-5504F380C08B}.Release|Any CPU.ActiveCfg = Release|Any CPU
		{494376D0-2F00-4918-8D8C-5504F380C08B}.Release|Any CPU.Build.0 = Release|Any CPU
		{0293094C-F823-4AEA-805B-8DA724DC0D13}.Debug|Any CPU.ActiveCfg = Debug|Any CPU
		{0293094C-F823-4AEA-805B-8DA724DC0D13}.Debug|Any CPU.Build.0 = Debug|Any CPU
		{0293094C-F823-4AEA-805B-8DA724DC0D13}.Release|Any CPU.ActiveCfg = Release|Any CPU
		{0293094C-F823-4AEA-805B-8DA724DC0D13}.Release|Any CPU.Build.0 = Release|Any CPU
	EndGlobalSection
	GlobalSection(SolutionProperties) = preSolution
		HideSolutionNode = FALSE
	EndGlobalSection
	GlobalSection(ExtensibilityGlobals) = postSolution
		SolutionGuid = {6EC9C981-AF4E-44A0-A379-2495866CB4E3}
	EndGlobalSection
EndGlobal
